{
  "name": "mev-security-lab",
  "version": "1.0.0",
  "lockfileVersion": 3,
  "requires": true,
  "packages": {
    "": {
      "name": "mev-security-lab",
      "version": "1.0.0",
      "license": "MIT",
      "dependencies": {
        "protobufjs": "^8.7.1"
      }
    },
    "node_modules/long": {
      "version": "5.3.2",
      "resolved": "https://registry.npmjs.org/long/-/long-5.3.2.tgz",
      "integrity": "sha512-mNAgZ1GmyNhD7AuqnTG3/VQ26o760+ZYBPKjPvugO8+nLbYfX6TVpJPseBvopbdY+qpZ/lKUnmEc1LeZYS3QAA==",
      "license": "Apache-2.0"
    },
    "node_modules/protobufjs": {
      "version": "8.7.1",
      "resolved": "https://registry.npmjs.org/protobufjs/-/protobufjs-8.7.1.tgz",
      "integrity": "sha512-agdGHrXNTv0IrYscJPDou/PlEJk1c/hBZ9o/B5NH2i/nSPtPqacNxzgwf1CebXxFMjMrZH5sqv9uQuw96aGt/A==",
      "license": "BSD-3-Clause",
      "dependencies": {
        "long": "^5.3.2"
      },
      "engines": {
        "node": ">=12.0.0"
      }
    }
  }
}
